
Microsoft Visual Studio Solution File, Format Version 12.00
# Visual Studio Version 16
VisualStudioVersion = 16.0.30002.166
MinimumVisualStudioVersion = 10.0.40219.1
Project("{FAE04EC0-301F-11D3-BF4B-00C04F79EFBC}") = "ModsPerformance", "ModsPerformance\ModsPerformance.csproj", "{97229A8B-4468-4104-8AD8-C1C69D5B8070}"
EndProject
Project("{FAE04EC0-301F-11D3-BF4B-00C04F79EFBC}") = "ConsoleApp1", "ConsoleApp1\ConsoleApp1.csproj", "{46DB54C5-6571-4B37-9437-97F624E1510D}"
EndProject
Global
	GlobalSection(SolutionConfigurationPlatforms) = preSolution
		Debug|Any CPU = Debug|Any CPU
		Release|Any CPU = Release|Any CPU
	EndGlobalSection
	GlobalSection(ProjectConfigurationPlatforms) = postSolution
		{97229A8B-4468-4104-8AD8-C1C69D5B8070}.Debug|Any CPU.ActiveCfg = Debug|Any CPU
		{97229A8B-4468-4104-8AD8-C1C69D5B8070}.Debug|Any CPU.Build.0 = Debug|Any CPU
		{97229A8B-4468-4104-8AD8-C1C69D5B8070}.Release|Any CPU.ActiveCfg = Release|Any CPU
		{97229A8B-4468-4104-8AD8-C1C69D5B8070}.Release|Any CPU.Build.0 = Release|Any CPU
		{46DB54C5-6571-4B37-9437-97F624E1510D}.Debug|Any CPU.ActiveCfg = Debug|Any CPU
		{46DB54C5-6571-4B37-9437-97F624E1510D}.Debug|Any CPU.Build.0 = Debug|Any CPU
		{46DB54C5-6571-4B37-9437-97F624E1510D}.Release|Any CPU.ActiveCfg = Release|Any CPU
		{46DB54C5-6571-4B37-9437-97F624E1510D}.Release|Any CPU.Build.0 = Release|Any CPU
	EndGlobalSection
	GlobalSection(SolutionProperties) = preSolution
		HideSolutionNode = FALSE
	EndGlobalSection
	GlobalSection(ExtensibilityGlobals) = postSolution
		SolutionGuid = {ED3014A7-E675-4C49-A8A1-498A65F7F175}
	EndGlobalSection
EndGlobal
